
Microsoft Visual Studio Solution File, Format Version 12.00
Project("{2150E333-8FDC-42A3-9474-1A3956D46DE8}") = "Services", "Services", "{625107DA-B569-4D70-89B5-4CD4AFB25FDC}"
EndProject
Project("{FAE04EC0-301F-11D3-BF4B-00C04F79EFBC}") = "OrderService", "OrderService\OrderService.csproj", "{A57711E7-52B9-487B-9C69-9AD20ED2F1E6}"
EndProject
Project("{FAE04EC0-301F-11D3-BF4B-00C04F79EFBC}") = "ShippingService", "ShippingService\ShippingService.csproj", "{FB1704FD-AAB0-4A06-BD90-5C728492E299}"
EndProject
Project("{2150E333-8FDC-42A3-9474-1A3956D46DE8}") = "SharedLibrary", "SharedLibrary", "{17DD83A8-DB02-4708-9DB0-5126A4F299A8}"
EndProject
Project("{FAE04EC0-301F-11D3-BF4B-00C04F79EFBC}") = "SharedMessages", "SharedMessages\SharedMessages.csproj", "{966141BD-A8A7-494F-ACD4-4D107D8BB57C}"
EndProject
Project("{FAE04EC0-301F-11D3-BF4B-00C04F79EFBC}") = "TrackingService", "TrackingService\TrackingService.csproj", "{9B8806B0-1E32-4402-B12D-4BEFFE93D707}"
EndProject
Project("{FAE04EC0-301F-11D3-BF4B-00C04F79EFBC}") = "PaymentService", "PaymentService\PaymentService.csproj", "{122050FE-9A92-4CFB-9432-34064EDF9458}"
EndProject
Project("{FAE04EC0-301F-11D3-BF4B-00C04F79EFBC}") = "InventoryService", "InventoryService\InventoryService.csproj", "{CB6B0BC4-AABE-48F9-BA57-1A2B5548B12F}"
EndProject
Project("{FAE04EC0-301F-11D3-BF4B-00C04F79EFBC}") = "SagaOrchestration", "SagaOrchestration\SagaOrchestration.csproj", "{81F00056-3773-4393-ACD3-B5692F8D9DD5}"
EndProject
Global
	GlobalSection(SolutionConfigurationPlatforms) = preSolution
		Debug|Any CPU = Debug|Any CPU
		Release|Any CPU = Release|Any CPU
	EndGlobalSection
	GlobalSection(NestedProjects) = preSolution
		{A57711E7-52B9-487B-9C69-9AD20ED2F1E6} = {625107DA-B569-4D70-89B5-4CD4AFB25FDC}
		{FB1704FD-AAB0-4A06-BD90-5C728492E299} = {625107DA-B569-4D70-89B5-4CD4AFB25FDC}
		{966141BD-A8A7-494F-ACD4-4D107D8BB57C} = {17DD83A8-DB02-4708-9DB0-5126A4F299A8}
		{9B8806B0-1E32-4402-B12D-4BEFFE93D707} = {625107DA-B569-4D70-89B5-4CD4AFB25FDC}
		{122050FE-9A92-4CFB-9432-34064EDF9458} = {625107DA-B569-4D70-89B5-4CD4AFB25FDC}
		{CB6B0BC4-AABE-48F9-BA57-1A2B5548B12F} = {625107DA-B569-4D70-89B5-4CD4AFB25FDC}
		{81F00056-3773-4393-ACD3-B5692F8D9DD5} = {625107DA-B569-4D70-89B5-4CD4AFB25FDC}
	EndGlobalSection
	GlobalSection(ProjectConfigurationPlatforms) = postSolution
		{A57711E7-52B9-487B-9C69-9AD20ED2F1E6}.Debug|Any CPU.ActiveCfg = Debug|Any CPU
		{A57711E7-52B9-487B-9C69-9AD20ED2F1E6}.Debug|Any CPU.Build.0 = Debug|Any CPU
		{A57711E7-52B9-487B-9C69-9AD20ED2F1E6}.Release|Any CPU.ActiveCfg = Release|Any CPU
		{A57711E7-52B9-487B-9C69-9AD20ED2F1E6}.Release|Any CPU.Build.0 = Release|Any CPU
		{FB1704FD-AAB0-4A06-BD90-5C728492E299}.Debug|Any CPU.ActiveCfg = Debug|Any CPU
		{FB1704FD-AAB0-4A06-BD90-5C728492E299}.Debug|Any CPU.Build.0 = Debug|Any CPU
		{FB1704FD-AAB0-4A06-BD90-5C728492E299}.Release|Any CPU.ActiveCfg = Release|Any CPU
		{FB1704FD-AAB0-4A06-BD90-5C728492E299}.Release|Any CPU.Build.0 = Release|Any CPU
		{966141BD-A8A7-494F-ACD4-4D107D8BB57C}.Debug|Any CPU.ActiveCfg = Debug|Any CPU
		{966141BD-A8A7-494F-ACD4-4D107D8BB57C}.Debug|Any CPU.Build.0 = Debug|Any CPU
		{966141BD-A8A7-494F-ACD4-4D107D8BB57C}.Release|Any CPU.ActiveCfg = Release|Any CPU
		{966141BD-A8A7-494F-ACD4-4D107D8BB57C}.Release|Any CPU.Build.0 = Release|Any CPU
		{9B8806B0-1E32-4402-B12D-4BEFFE93D707}.Debug|Any CPU.ActiveCfg = Debug|Any CPU
		{9B8806B0-1E32-4402-B12D-4BEFFE93D707}.Debug|Any CPU.Build.0 = Debug|Any CPU
		{9B8806B0-1E32-4402-B12D-4BEFFE93D707}.Release|Any CPU.ActiveCfg = Release|Any CPU
		{9B8806B0-1E32-4402-B12D-4BEFFE93D707}.Release|Any CPU.Build.0 = Release|Any CPU
		{122050FE-9A92-4CFB-9432-34064EDF9458}.Debug|Any CPU.ActiveCfg = Debug|Any CPU
		{122050FE-9A92-4CFB-9432-34064EDF9458}.Debug|Any CPU.Build.0 = Debug|Any CPU
		{122050FE-9A92-4CFB-9432-34064EDF9458}.Release|Any CPU.ActiveCfg = Release|Any CPU
		{122050FE-9A92-4CFB-9432-34064EDF9458}.Release|Any CPU.Build.0 = Release|Any CPU
		{CB6B0BC4-AABE-48F9-BA57-1A2B5548B12F}.Debug|Any CPU.ActiveCfg = Debug|Any CPU
		{CB6B0BC4-AABE-48F9-BA57-1A2B5548B12F}.Debug|Any CPU.Build.0 = Debug|Any CPU
		{CB6B0BC4-AABE-48F9-BA57-1A2B5548B12F}.Release|Any CPU.ActiveCfg = Release|Any CPU
		{CB6B0BC4-AABE-48F9-BA57-1A2B5548B12F}.Release|Any CPU.Build.0 = Release|Any CPU
		{81F00056-3773-4393-ACD3-B5692F8D9DD5}.Debug|Any CPU.ActiveCfg = Debug|Any CPU
		{81F00056-3773-4393-ACD3-B5692F8D9DD5}.Debug|Any CPU.Build.0 = Debug|Any CPU
		{81F00056-3773-4393-ACD3-B5692F8D9DD5}.Release|Any CPU.ActiveCfg = Release|Any CPU
		{81F00056-3773-4393-ACD3-B5692F8D9DD5}.Release|Any CPU.Build.0 = Release|Any CPU
	EndGlobalSection
EndGlobal
